// !$*UTF8*$!
{
	archiveVersion = 1;
	classes = {
	};
	objectVersion = 50;
	objects = {

/* Begin PBXBuildFile section */
		11B6415E24907875009DD7C8 /* AppDelegate.swift in Sources */ = {isa = PBXBuildFile; fileRef = 11B6415D24907875009DD7C8 /* AppDelegate.swift */; };
		11B6416024907875009DD7C8 /* SceneDelegate.swift in Sources */ = {isa = PBXBuildFile; fileRef = 11B6415F24907875009DD7C8 /* SceneDelegate.swift */; };
		11B6416524907875009DD7C8 /* Main.storyboard in Resources */ = {isa = PBXBuildFile; fileRef = 11B6416324907875009DD7C8 /* Main.storyboard */; };
		11B6416724907881009DD7C8 /* Assets.xcassets in Resources */ = {isa = PBXBuildFile; fileRef = 11B6416624907881009DD7C8 /* Assets.xcassets */; };
		11B6416A24907881009DD7C8 /* LaunchScreen.storyboard in Resources */ = {isa = PBXBuildFile; fileRef = 11B6416824907881009DD7C8 /* LaunchScreen.storyboard */; };
		11B6418D24908479009DD7C8 /* LoadingUIFrameworkDevelopment.framework in Frameworks */ = {isa = PBXBuildFile; fileRef = 11B6418B2490846B009DD7C8 /* LoadingUIFrameworkDevelopment.framework */; };
		11B6418E24908479009DD7C8 /* LoadingUIFrameworkDevelopment.framework in Embed Frameworks */ = {isa = PBXBuildFile; fileRef = 11B6418B2490846B009DD7C8 /* LoadingUIFrameworkDevelopment.framework */; settings = {ATTRIBUTES = (CodeSignOnCopy, RemoveHeadersOnCopy, ); }; };
		11CCEE042490875200ECB477 /* LoadingViewController.swift in Sources */ = {isa = PBXBuildFile; fileRef = 11CCEE032490875200ECB477 /* LoadingViewController.swift */; };
		11CCEE06249087CF00ECB477 /* PolarPoint.swift in Sources */ = {isa = PBXBuildFile; fileRef = 11CCEE05249087CF00ECB477 /* PolarPoint.swift */; };
		11CCEE08249087D900ECB477 /* IndeterminateLoadingView.swift in Sources */ = {isa = PBXBuildFile; fileRef = 11CCEE07249087D900ECB477 /* IndeterminateLoadingView.swift */; };
/* End PBXBuildFile section */

/* Begin PBXContainerItemProxy section */
		11B6418A2490846B009DD7C8 /* PBXContainerItemProxy */ = {
			isa = PBXContainerItemProxy;
			containerPortal = 11B641862490846A009DD7C8 /* LoadingUIFrameworkDevelopment.xcodeproj */;
			proxyType = 2;
			remoteGlobalIDString = 11B6417B24907D7C009DD7C8;
			remoteInfo = LoadingUIFrameworkDevelopment;
		};
/* End PBXContainerItemProxy section */

/* Begin PBXCopyFilesBuildPhase section */
		11B6418F24908479009DD7C8 /* Embed Frameworks */ = {
			isa = PBXCopyFilesBuildPhase;
			buildActionMask = 2147483647;
			dstPath = "";
			dstSubfolderSpec = 10;
			files = (
				11B6418E24908479009DD7C8 /* LoadingUIFrameworkDevelopment.framework in Embed Frameworks */,
			);
			name = "Embed Frameworks";
			runOnlyForDeploymentPostprocessing = 0;
		};
/* End PBXCopyFilesBuildPhase section */

/* Begin PBXFileReference section */
		11B6415A24907875009DD7C8 /* LoadingUIFramework.app */ = {isa = PBXFileReference; explicitFileType = wrapper.application; includeInIndex = 0; path = LoadingUIFramework.app; sourceTree = BUILT_PRODUCTS_DIR; };
		11B6415D24907875009DD7C8 /* AppDelegate.swift */ = {isa = PBXFileReference; lastKnownFileType = sourcecode.swift; path = AppDelegate.swift; sourceTree = "<group>"; };
		11B6415F24907875009DD7C8 /* SceneDelegate.swift */ = {isa = PBXFileReference; lastKnownFileType = sourcecode.swift; path = SceneDelegate.swift; sourceTree = "<group>"; };
		11B6416424907875009DD7C8 /* Base */ = {isa = PBXFileReference; lastKnownFileType = file.storyboard; name = Base; path = Base.lproj/Main.storyboard; sourceTree = "<group>"; };
		11B6416624907881009DD7C8 /* Assets.xcassets */ = {isa = PBXFileReference; lastKnownFileType = folder.assetcatalog; path = Assets.xcassets; sourceTree = "<group>"; };
		11B6416924907881009DD7C8 /* Base */ = {isa = PBXFileReference; lastKnownFileType = file.storyboard; name = Base; path = Base.lproj/LaunchScreen.storyboard; sourceTree = "<group>"; };
		11B6416B24907881009DD7C8 /* Info.plist */ = {isa = PBXFileReference; lastKnownFileType = text.plist.xml; path = Info.plist; sourceTree = "<group>"; };
		11B641862490846A009DD7C8 /* LoadingUIFrameworkDevelopment.xcodeproj */ = {isa = PBXFileReference; lastKnownFileType = "wrapper.pb-project"; name = LoadingUIFrameworkDevelopment.xcodeproj; path = ../LoadingUIFrameworkDevelopment/LoadingUIFrameworkDevelopment.xcodeproj; sourceTree = "<group>"; };
		11CCEE032490875200ECB477 /* LoadingViewController.swift */ = {isa = PBXFileReference; lastKnownFileType = sourcecode.swift; path = LoadingViewController.swift; sourceTree = "<group>"; };
		11CCEE05249087CF00ECB477 /* PolarPoint.swift */ = {isa = PBXFileReference; fileEncoding = 4; lastKnownFileType = sourcecode.swift; name = PolarPoint.swift; path = ../../PolarPoint.swift; sourceTree = "<group>"; };
		11CCEE07249087D900ECB477 /* IndeterminateLoadingView.swift */ = {isa = PBXFileReference; fileEncoding = 4; lastKnownFileType = sourcecode.swift; name = IndeterminateLoadingView.swift; path = ../../IndeterminateLoadingView.swift; sourceTree = "<group>"; };
/* End PBXFileReference section */

/* Begin PBXFrameworksBuildPhase section */
		11B6415724907875009DD7C8 /* Frameworks */ = {
			isa = PBXFrameworksBuildPhase;
			buildActionMask = 2147483647;
			files = (
				11B6418D24908479009DD7C8 /* LoadingUIFrameworkDevelopment.framework in Frameworks */,
			);
			runOnlyForDeploymentPostprocessing = 0;
		};
/* End PBXFrameworksBuildPhase section */

/* Begin PBXGroup section */
		11B6415124907875009DD7C8 = {
			isa = PBXGroup;
			children = (
				11B641862490846A009DD7C8 /* LoadingUIFrameworkDevelopment.xcodeproj */,
				11B6415C24907875009DD7C8 /* LoadingUIFramework */,
				11B6415B24907875009DD7C8 /* Products */,
				11B6418C24908479009DD7C8 /* Frameworks */,
			);
			sourceTree = "<group>";
		};
		11B6415B24907875009DD7C8 /* Products */ = {
			isa = PBXGroup;
			children = (
				11B6415A24907875009DD7C8 /* LoadingUIFramework.app */,
			);
			name = Products;
			sourceTree = "<group>";
		};
		11B6415C24907875009DD7C8 /* LoadingUIFramework */ = {
			isa = PBXGroup;
			children = (
				11B6415D24907875009DD7C8 /* AppDelegate.swift */,
				11B6415F24907875009DD7C8 /* SceneDelegate.swift */,
				11B6416324907875009DD7C8 /* Main.storyboard */,
				11B6416624907881009DD7C8 /* Assets.xcassets */,
				11B6416824907881009DD7C8 /* LaunchScreen.storyboard */,
				11B6416B24907881009DD7C8 /* Info.plist */,
				11CCEE032490875200ECB477 /* LoadingViewController.swift */,
				11CCEE07249087D900ECB477 /* IndeterminateLoadingView.swift */,
				11CCEE05249087CF00ECB477 /* PolarPoint.swift */,
			);
			path = LoadingUIFramework;
			sourceTree = "<group>";
		};
		11B641872490846A009DD7C8 /* Products */ = {
			isa = PBXGroup;
			children = (
				11B6418B2490846B009DD7C8 /* LoadingUIFrameworkDevelopment.framework */,
			);
			name = Products;
			sourceTree = "<group>";
		};
		11B6418C24908479009DD7C8 /* Frameworks */ = {
			isa = PBXGroup;
			children = (
			);
			name = Frameworks;
			sourceTree = "<group>";
		};
/* End PBXGroup section */

/* Begin PBXNativeTarget section */
		11B6415924907875009DD7C8 /* LoadingUIFramework */ = {
			isa = PBXNativeTarget;
			buildConfigurationList = 11B6416E24907881009DD7C8 /* Build configuration list for PBXNativeTarget "LoadingUIFramework" */;
			buildPhases = (
				11B6415624907875009DD7C8 /* Sources */,
				11B6415724907875009DD7C8 /* Frameworks */,
				11B6415824907875009DD7C8 /* Resources */,
				11B6418F24908479009DD7C8 /* Embed Frameworks */,
			);
			buildRules = (
			);
			dependencies = (
			);
			name = LoadingUIFramework;
			productName = LoadingUIFramework;
			productReference = 11B6415A24907875009DD7C8 /* LoadingUIFramework.app */;
			productType = "com.apple.product-type.application";
		};
/* End PBXNativeTarget section */

/* Begin PBXProject section */
		11B6415224907875009DD7C8 /* Project object */ = {
			isa = PBXProject;
			attributes = {
				LastSwiftUpdateCheck = 1150;
				LastUpgradeCheck = 1150;
				ORGANIZATIONNAME = "Kevin Stewart";
				TargetAttributes = {
					11B6415924907875009DD7C8 = {
						CreatedOnToolsVersion = 11.5;
					};
				};
			};
			buildConfigurationList = 11B6415524907875009DD7C8 /* Build configuration list for PBXProject "LoadingUIFramework" */;
			compatibilityVersion = "Xcode 9.3";
			developmentRegion = en;
			hasScannedForEncodings = 0;
			knownRegions = (
				en,
				Base,
			);
			mainGroup = 11B6415124907875009DD7C8;
			productRefGroup = 11B6415B24907875009DD7C8 /* Products */;
			projectDirPath = "";
			projectReferences = (
				{
					ProductGroup = 11B641872490846A009DD7C8 /* Products */;
					ProjectRef = 11B641862490846A009DD7C8 /* LoadingUIFrameworkDevelopment.xcodeproj */;
				},
			);
			projectRoot = "";
			targets = (
				11B6415924907875009DD7C8 /* LoadingUIFramework */,
			);
		};
/* End PBXProject section */

/* Begin PBXReferenceProxy section */
		11B6418B2490846B009DD7C8 /* LoadingUIFrameworkDevelopment.framework */ = {
			isa = PBXReferenceProxy;
			fileType = wrapper.framework;
			path = LoadingUIFrameworkDevelopment.framework;
			remoteRef = 11B6418A2490846B009DD7C8 /* PBXContainerItemProxy */;
			sourceTree = BUILT_PRODUCTS_DIR;
		};
/* End PBXReferenceProxy section */

/* Begin PBXResourcesBuildPhase section */
		11B6415824907875009DD7C8 /* Resources */ = {
			isa = PBXResourcesBuildPhase;
			buildActionMask = 2147483647;
			files = (
				11B6416A24907881009DD7C8 /* LaunchScreen.storyboard in Resources */,
				11B6416724907881009DD7C8 /* Assets.xcassets in Resources */,
				11B6416524907875009DD7C8 /* Main.storyboard in Resources */,
			);
			runOnlyForDeploymentPostprocessing = 0;
		};
/* End PBXResourcesBuildPhase section */

/* Begin PBXSourcesBuildPhase section */
		11B6415624907875009DD7C8 /* Sources */ = {
			isa = PBXSourcesBuildPhase;
			buildActionMask = 2147483647;
			files = (
				11CCEE08249087D900ECB477 /* IndeterminateLoadingView.swift in Sources */,
				11B6415E24907875009DD7C8 /* AppDelegate.swift in Sources */,
				11B6416024907875009DD7C8 /* SceneDelegate.swift in Sources */,
				11CCEE042490875200ECB477 /* LoadingViewController.swift in Sources */,
				11CCEE06249087CF00ECB477 /* PolarPoint.swift in Sources */,
			);
			runOnlyForDeploymentPostprocessing = 0;
		};
/* End PBXSourcesBuildPhase section */

/* Begin PBXVariantGroup section */
		11B6416324907875009DD7C8 /* Main.storyboard */ = {
			isa = PBXVariantGroup;
			children = (
				11B6416424907875009DD7C8 /* Base */,
			);
			name = Main.storyboard;
			sourceTree = "<group>";
		};
		11B6416824907881009DD7C8 /* LaunchScreen.storyboard */ = {
			isa = PBXVariantGroup;
			children = (
				11B6416924907881009DD7C8 /* Base */,
			);
			name = LaunchScreen.storyboard;
			sourceTree = "<group>";
		};
/* End PBXVariantGroup section */

/* Begin XCBuildConfiguration section */
		11B6416C24907881009DD7C8 /* Debug */ = {
			isa = XCBuildConfiguration;
			buildSettings = {
				ALWAYS_SEARCH_USER_PATHS = NO;
				CLANG_ANALYZER_NONNULL = YES;
				CLANG_ANALYZER_NUMBER_OBJECT_CONVERSION = YES_AGGRESSIVE;
				CLANG_CXX_LANGUAGE_STANDARD = "gnu++14";
				CLANG_CXX_LIBRARY = "libc++";
				CLANG_ENABLE_MODULES = YES;
				CLANG_ENABLE_OBJC_ARC = YES;
				CLANG_ENABLE_OBJC_WEAK = YES;
				CLANG_WARN_BLOCK_CAPTURE_AUTORELEASING = YES;
				CLANG_WARN_BOOL_CONVERSION = YES;
				CLANG_WARN_COMMA = YES;
				CLANG_WARN_CONSTANT_CONVERSION = YES;
				CLANG_WARN_DEPRECATED_OBJC_IMPLEMENTATIONS = YES;
				CLANG_WARN_DIRECT_OBJC_ISA_USAGE = YES_ERROR;
				CLANG_WARN_DOCUMENTATION_COMMENTS = YES;
				CLANG_WARN_EMPTY_BODY = YES;
				CLANG_WARN_ENUM_CONVERSION = YES;
				CLANG_WARN_INFINITE_RECURSION = YES;
				CLANG_WARN_INT_CONVERSION = YES;
				CLANG_WARN_NON_LITERAL_NULL_CONVERSION = YES;
				CLANG_WARN_OBJC_IMPLICIT_RETAIN_SELF = YES;
				CLANG_WARN_OBJC_LITERAL_CONVERSION = YES;
				CLANG_WARN_OBJC_ROOT_CLASS = YES_ERROR;
				CLANG_WARN_RANGE_LOOP_ANALYSIS = YES;
				CLANG_WARN_STRICT_PROTOTYPES = YES;
				CLANG_WARN_SUSPICIOUS_MOVE = YES;
				CLANG_WARN_UNGUARDED_AVAILABILITY = YES_AGGRESSIVE;
				CLANG_WARN_UNREACHABLE_CODE = YES;
				CLANG_WARN__DUPLICATE_METHOD_MATCH = YES;
				COPY_PHASE_STRIP = NO;
				DEBUG_INFORMATION_FORMAT = dwarf;
				ENABLE_STRICT_OBJC_MSGSEND = YES;
				ENABLE_TESTABILITY = YES;
				GCC_C_LANGUAGE_STANDARD = gnu11;
				GCC_DYNAMIC_NO_PIC = NO;
				GCC_NO_COMMON_BLOCKS = YES;
				GCC_OPTIMIZATION_LEVEL = 0;
				GCC_PREPROCESSOR_DEFINITIONS = (
					"DEBUG=1",
					"$(inherited)",
				);
				GCC_WARN_64_TO_32_BIT_CONVERSION = YES;
				GCC_WARN_ABOUT_RETURN_TYPE = YES_ERROR;
				GCC_WARN_UNDECLARED_SELECTOR = YES;
				GCC_WARN_UNINITIALIZED_AUTOS = YES_AGGRESSIVE;
				GCC_WARN_UNUSED_FUNCTION = YES;
				GCC_WARN_UNUSED_VARIABLE = YES;
				IPHONEOS_DEPLOYMENT_TARGET = 13.5;
				MTL_ENABLE_DEBUG_INFO = INCLUDE_SOURCE;
				MTL_FAST_MATH = YES;
				ONLY_ACTIVE_ARCH = YES;
				SDKROOT = iphoneos;
				SWIFT_ACTIVE_COMPILATION_CONDITIONS = DEBUG;
				SWIFT_OPTIMIZATION_LEVEL = "-Onone";
			};
			name = Debug;
		};
		11B6416D24907881009DD7C8 /* Release */ = {
			isa = XCBuildConfiguration;
			buildSettings = {
				ALWAYS_SEARCH_USER_PATHS = NO;
				CLANG_ANALYZER_NONNULL = YES;
				CLANG_ANALYZER_NUMBER_OBJECT_CONVERSION = YES_AGGRESSIVE;
				CLANG_CXX_LANGUAGE_STANDARD = "gnu++14";
				CLANG_CXX_LIBRARY = "libc++";
				CLANG_ENABLE_MODULES = YES;
				CLANG_ENABLE_OBJC_ARC = YES;
				CLANG_ENABLE_OBJC_WEAK = YES;
				CLANG_WARN_BLOCK_CAPTURE_AUTORELEASING = YES;
				CLANG_WARN_BOOL_CONVERSION = YES;
				CLANG_WARN_COMMA = YES;
				CLANG_WARN_CONSTANT_CONVERSION = YES;
				CLANG_WARN_DEPRECATED_OBJC_IMPLEMENTATIONS = YES;
				CLANG_WARN_DIRECT_OBJC_ISA_USAGE = YES_ERROR;
				CLANG_WARN_DOCUMENTATION_COMMENTS = YES;
				CLANG_WARN_EMPTY_BODY = YES;
				CLANG_WARN_ENUM_CONVERSION = YES;
				CLANG_WARN_INFINITE_RECURSION = YES;
				CLANG_WARN_INT_CONVERSION = YES;
				CLANG_WARN_NON_LITERAL_NULL_CONVERSION = YES;
				CLANG_WARN_OBJC_IMPLICIT_RETAIN_SELF = YES;
				CLANG_WARN_OBJC_LITERAL_CONVERSION = YES;
				CLANG_WARN_OBJC_ROOT_CLASS = YES_ERROR;
				CLANG_WARN_RANGE_LOOP_ANALYSIS = YES;
				CLANG_WARN_STRICT_PROTOTYPES = YES;
				CLANG_WARN_SUSPICIOUS_MOVE = YES;
				CLANG_WARN_UNGUARDED_AVAILABILITY = YES_AGGRESSIVE;
				CLANG_WARN_UNREACHABLE_CODE = YES;
				CLANG_WARN__DUPLICATE_METHOD_MATCH = YES;
				COPY_PHASE_STRIP = NO;
				DEBUG_INFORMATION_FORMAT = "dwarf-with-dsym";
				ENABLE_NS_ASSERTIONS = NO;
				ENABLE_STRICT_OBJC_MSGSEND = YES;
				GCC_C_LANGUAGE_STANDARD = gnu11;
				GCC_NO_COMMON_BLOCKS = YES;
				GCC_WARN_64_TO_32_BIT_CONVERSION = YES;
				GCC_WARN_ABOUT_RETURN_TYPE = YES_ERROR;
				GCC_WARN_UNDECLARED_SELECTOR = YES;
				GCC_WARN_UNINITIALIZED_AUTOS = YES_AGGRESSIVE;
				GCC_WARN_UNUSED_FUNCTION = YES;
				GCC_WARN_UNUSED_VARIABLE = YES;
				IPHONEOS_DEPLOYMENT_TARGET = 13.5;
				MTL_ENABLE_DEBUG_INFO = NO;
				MTL_FAST_MATH = YES;
				SDKROOT = iphoneos;
				SWIFT_COMPILATION_MODE = wholemodule;
				SWIFT_OPTIMIZATION_LEVEL = "-O";
				VALIDATE_PRODUCT = YES;
			};
			name = Release;
		};
		11B6416F24907881009DD7C8 /* Debug */ = {
			isa = XCBuildConfiguration;
			buildSettings = {
				ASSETCATALOG_COMPILER_APPICON_NAME = AppIcon;
				CODE_SIGN_STYLE = Automatic;
				DEVELOPMENT_TEAM = V5ARGK4ZJP;
				INFOPLIST_FILE = LoadingUIFramework/Info.plist;
				LD_RUNPATH_SEARCH_PATHS = (
					"$(inherited)",
					"@executable_path/Frameworks",
				);
				PRODUCT_BUNDLE_IDENTIFIER = com.kevinstewart.About.LoadingUIFramework;
				PRODUCT_NAME = "$(TARGET_NAME)";
				SWIFT_VERSION = 5.0;
				TARGETED_DEVICE_FAMILY = "1,2";
			};
			name = Debug;
		};
		11B6417024907881009DD7C8 /* Release */ = {
			isa = XCBuildConfiguration;
			buildSettings = {
				ASSETCATALOG_COMPILER_APPICON_NAME = AppIcon;
				CODE_SIGN_STYLE = Automatic;
				DEVELOPMENT_TEAM = V5ARGK4ZJP;
				INFOPLIST_FILE = LoadingUIFramework/Info.plist;
				LD_RUNPATH_SEARCH_PATHS = (
					"$(inherited)",
					"@executable_path/Frameworks",
				);
				PRODUCT_BUNDLE_IDENTIFIER = com.kevinstewart.About.LoadingUIFramework;
				PRODUCT_NAME = "$(TARGET_NAME)";
				SWIFT_VERSION = 5.0;
				TARGETED_DEVICE_FAMILY = "1,2";
			};
			name = Release;
		};
/* End XCBuildConfiguration section */

/* Begin XCConfigurationList section */
		11B6415524907875009DD7C8 /* Build configuration list for PBXProject "LoadingUIFramework" */ = {
			isa = XCConfigurationList;
			buildConfigurations = (
				11B6416C24907881009DD7C8 /* Debug */,
				11B6416D24907881009DD7C8 /* Release */,
			);
			defaultConfigurationIsVisible = 0;
			defaultConfigurationName = Release;
		};
		11B6416E24907881009DD7C8 /* Build configuration list for PBXNativeTarget "LoadingUIFramework" */ = {
			isa = XCConfigurationList;
			buildConfigurations = (
				11B6416F24907881009DD7C8 /* Debug */,
				11B6417024907881009DD7C8 /* Release */,
			);
			defaultConfigurationIsVisible = 0;
			defaultConfigurationName = Release;
		};
/* End XCConfigurationList section */
	};
	rootObject = 11B6415224907875009DD7C8 /* Project object */;
}
